
Microsoft Visual Studio Solution File, Format Version 12.00
# Visual Studio Version 16
VisualStudioVersion = 16.0.32802.440
MinimumVisualStudioVersion = 10.0.40219.1
Project("{FAE04EC0-301F-11D3-BF4B-00C04F79EFBC}") = "RestauranteXamarin.Android", "RestauranteXamarin.Android\RestauranteXamarin.Android.csproj", "{70948AAC-3E18-4C2C-8F59-4BF729AB8CBD}"
EndProject
Project("{FAE04EC0-301F-11D3-BF4B-00C04F79EFBC}") = "RestauranteXamarin.iOS", "RestauranteXamarin.iOS\RestauranteXamarin.iOS.csproj", "{67E2BB9A-97B6-4744-8E55-A2D5C002C517}"
EndProject
Project("{FAE04EC0-301F-11D3-BF4B-00C04F79EFBC}") = "RestauranteXamarin", "RestauranteXamarin\RestauranteXamarin.csproj", "{728D5D5E-8D9C-4DF8-8885-6DA9EF604C1A}"
EndProject
Global
	GlobalSection(SolutionConfigurationPlatforms) = preSolution
		Debug|Any CPU = Debug|Any CPU
		Debug|iPhone = Debug|iPhone
		Debug|iPhoneSimulator = Debug|iPhoneSimulator
		Release|Any CPU = Release|Any CPU
		Release|iPhone = Release|iPhone
		Release|iPhoneSimulator = Release|iPhoneSimulator
	EndGlobalSection
	GlobalSection(ProjectConfigurationPlatforms) = postSolution
		{70948AAC-3E18-4C2C-8F59-4BF729AB8CBD}.Debug|Any CPU.ActiveCfg = Debug|Any CPU
		{70948AAC-3E18-4C2C-8F59-4BF729AB8CBD}.Debug|Any CPU.Build.0 = Debug|Any CPU
		{70948AAC-3E18-4C2C-8F59-4BF729AB8CBD}.Debug|Any CPU.Deploy.0 = Debug|Any CPU
		{70948AAC-3E18-4C2C-8F59-4BF729AB8CBD}.Debug|iPhone.ActiveCfg = Debug|Any CPU
		{70948AAC-3E18-4C2C-8F59-4BF729AB8CBD}.Debug|iPhone.Build.0 = Debug|Any CPU
		{70948AAC-3E18-4C2C-8F59-4BF729AB8CBD}.Debug|iPhone.Deploy.0 = Debug|Any CPU
		{70948AAC-3E18-4C2C-8F59-4BF729AB8CBD}.Debug|iPhoneSimulator.ActiveCfg = Debug|Any CPU
		{70948AAC-3E18-4C2C-8F59-4BF729AB8CBD}.Debug|iPhoneSimulator.Build.0 = Debug|Any CPU
		{70948AAC-3E18-4C2C-8F59-4BF729AB8CBD}.Debug|iPhoneSimulator.Deploy.0 = Debug|Any CPU
		{70948AAC-3E18-4C2C-8F59-4BF729AB8CBD}.Release|Any CPU.ActiveCfg = Release|Any CPU
		{70948AAC-3E18-4C2C-8F59-4BF729AB8CBD}.Release|Any CPU.Build.0 = Release|Any CPU
		{70948AAC-3E18-4C2C-8F59-4BF729AB8CBD}.Release|Any CPU.Deploy.0 = Release|Any CPU
		{70948AAC-3E18-4C2C-8F59-4BF729AB8CBD}.Release|iPhone.ActiveCfg = Release|Any CPU
		{70948AAC-3E18-4C2C-8F59-4BF729AB8CBD}.Release|iPhone.Build.0 = Release|Any CPU
		{70948AAC-3E18-4C2C-8F59-4BF729AB8CBD}.Release|iPhone.Deploy.0 = Release|Any CPU
		{70948AAC-3E18-4C2C-8F59-4BF729AB8CBD}.Release|iPhoneSimulator.ActiveCfg = Release|Any CPU
		{70948AAC-3E18-4C2C-8F59-4BF729AB8CBD}.Release|iPhoneSimulator.Build.0 = Release|Any CPU
		{70948AAC-3E18-4C2C-8F59-4BF729AB8CBD}.Release|iPhoneSimulator.Deploy.0 = Release|Any CPU
		{67E2BB9A-97B6-4744-8E55-A2D5C002C517}.Debug|Any CPU.ActiveCfg = Debug|iPhone
		{67E2BB9A-97B6-4744-8E55-A2D5C002C517}.Debug|Any CPU.Build.0 = Debug|iPhone
		{67E2BB9A-97B6-4744-8E55-A2D5C002C517}.Debug|Any CPU.Deploy.0 = Debug|iPhone
		{67E2BB9A-97B6-4744-8E55-A2D5C002C517}.Debug|iPhone.ActiveCfg = Debug|iPhone
		{67E2BB9A-97B6-4744-8E55-A2D5C002C517}.Debug|iPhone.Build.0 = Debug|iPhone
		{67E2BB9A-97B6-4744-8E55-A2D5C002C517}.Debug|iPhone.Deploy.0 = Debug|iPhone
		{67E2BB9A-97B6-4744-8E55-A2D5C002C517}.Debug|iPhoneSimulator.ActiveCfg = Debug|iPhoneSimulator
		{67E2BB9A-97B6-4744-8E55-A2D5C002C517}.Debug|iPhoneSimulator.Build.0 = Debug|iPhoneSimulator
		{67E2BB9A-97B6-4744-8E55-A2D5C002C517}.Debug|iPhoneSimulator.Deploy.0 = Debug|iPhoneSimulator
		{67E2BB9A-97B6-4744-8E55-A2D5C002C517}.Release|Any CPU.ActiveCfg = Release|iPhoneSimulator
		{67E2BB9A-97B6-4744-8E55-A2D5C002C517}.Release|Any CPU.Build.0 = Release|iPhoneSimulator
		{67E2BB9A-97B6-4744-8E55-A2D5C002C517}.Release|Any CPU.Deploy.0 = Release|iPhoneSimulator
		{67E2BB9A-97B6-4744-8E55-A2D5C002C517}.Release|iPhone.ActiveCfg = Release|iPhone
		{67E2BB9A-97B6-4744-8E55-A2D5C002C517}.Release|iPhone.Build.0 = Release|iPhone
		{67E2BB9A-97B6-4744-8E55-A2D5C002C517}.Release|iPhone.Deploy.0 = Release|iPhone
		{67E2BB9A-97B6-4744-8E55-A2D5C002C517}.Release|iPhoneSimulator.ActiveCfg = Release|iPhoneSimulator
		{67E2BB9A-97B6-4744-8E55-A2D5C002C517}.Release|iPhoneSimulator.Build.0 = Release|iPhoneSimulator
		{67E2BB9A-97B6-4744-8E55-A2D5C002C517}.Release|iPhoneSimulator.Deploy.0 = Release|iPhoneSimulator
		{728D5D5E-8D9C-4DF8-8885-6DA9EF604C1A}.Debug|Any CPU.ActiveCfg = Debug|Any CPU
		{728D5D5E-8D9C-4DF8-8885-6DA9EF604C1A}.Debug|Any CPU.Build.0 = Debug|Any CPU
		{728D5D5E-8D9C-4DF8-8885-6DA9EF604C1A}.Debug|Any CPU.Deploy.0 = Debug|Any CPU
		{728D5D5E-8D9C-4DF8-8885-6DA9EF604C1A}.Debug|iPhone.ActiveCfg = Debug|Any CPU
		{728D5D5E-8D9C-4DF8-8885-6DA9EF604C1A}.Debug|iPhone.Build.0 = Debug|Any CPU
		{728D5D5E-8D9C-4DF8-8885-6DA9EF604C1A}.Debug|iPhone.Deploy.0 = Debug|Any CPU
		{728D5D5E-8D9C-4DF8-8885-6DA9EF604C1A}.Debug|iPhoneSimulator.ActiveCfg = Debug|Any CPU
		{728D5D5E-8D9C-4DF8-8885-6DA9EF604C1A}.Debug|iPhoneSimulator.Build.0 = Debug|Any CPU
		{728D5D5E-8D9C-4DF8-8885-6DA9EF604C1A}.Debug|iPhoneSimulator.Deploy.0 = Debug|Any CPU
		{728D5D5E-8D9C-4DF8-8885-6DA9EF604C1A}.Release|Any CPU.ActiveCfg = Release|Any CPU
		{728D5D5E-8D9C-4DF8-8885-6DA9EF604C1A}.Release|Any CPU.Build.0 = Release|Any CPU
		{728D5D5E-8D9C-4DF8-8885-6DA9EF604C1A}.Release|Any CPU.Deploy.0 = Release|Any CPU
		{728D5D5E-8D9C-4DF8-8885-6DA9EF604C1A}.Release|iPhone.ActiveCfg = Release|Any CPU
		{728D5D5E-8D9C-4DF8-8885-6DA9EF604C1A}.Release|iPhone.Build.0 = Release|Any CPU
		{728D5D5E-8D9C-4DF8-8885-6DA9EF604C1A}.Release|iPhone.Deploy.0 = Release|Any CPU
		{728D5D5E-8D9C-4DF8-8885-6DA9EF604C1A}.Release|iPhoneSimulator.ActiveCfg = Release|Any CPU
		{728D5D5E-8D9C-4DF8-8885-6DA9EF604C1A}.Release|iPhoneSimulator.Build.0 = Release|Any CPU
		{728D5D5E-8D9C-4DF8-8885-6DA9EF604C1A}.Release|iPhoneSimulator.Deploy.0 = Release|Any CPU
	EndGlobalSection
	GlobalSection(SolutionProperties) = preSolution
		HideSolutionNode = FALSE
	EndGlobalSection
	GlobalSection(ExtensibilityGlobals) = postSolution
		SolutionGuid = {D5F6B94C-3676-41FB-A9D8-F01F4CD3082B}
	EndGlobalSection
EndGlobal
